# generated by rye
# use `rye lock` or `rye sync` to update this lockfile
#
# last locked with the following flags:
#   pre: false
#   features: []
#   all-features: false

-e file:.
black==23.9.1
build==1.0.3
certifi==2023.7.22
charset-normalizer==3.3.0
click==8.1.7
docutils==0.20.1
idna==3.4
iniconfig==2.0.0
mypy-extensions==1.0.0
packaging==23.2
pathspec==0.11.2
platformdirs==3.11.0
pluggy==1.3.0
psutil==5.9.5
pygments==2.16.1
pyproject-hooks==1.0.0
pyroma==4.2
pytest==7.4.2
requests==2.31.0
ruff==0.0.292
trove-classifiers==2023.9.19
types-psutil==5.9.5.16
urllib3==2.0.6
# The following packages are considered to be unsafe in a requirements file:
setuptools==68.2.2
