# generated by rye
# use `rye lock` or `rye sync` to update this lockfile
#
# last locked with the following flags:
#   pre: false
#   features: []
#   all-features: false
#   with-sources: false

-e file:.
build==1.0.3
    # via pyroma
certifi==2024.2.2
    # via requests
charset-normalizer==3.3.2
    # via requests
docutils==0.20.1
    # via pyroma
idna==3.6
    # via requests
iniconfig==2.0.0
    # via pytest
packaging==23.2
    # via build
    # via pyroma
    # via pytest
pluggy==1.4.0
    # via pytest
psutil==5.9.8
    # via shellrunner
pygments==2.17.2
    # via pyroma
pyproject-hooks==1.0.0
    # via build
pyroma==4.2
pytest==8.0.2
requests==2.31.0
    # via pyroma
ruff==0.3.0
setuptools==69.1.1
    # via pyroma
trove-classifiers==2024.2.23
    # via pyroma
types-psutil==5.9.5.20240205
urllib3==2.2.1
    # via requests
